// !$*UTF8*$!
{
	archiveVersion = 1;
	classes = {
	};
	objectVersion = 55;
	objects = {

/* Begin PBXBuildFile section */
		C7EA1B1C288585EB009BD983 /* MyBookApp.swift in Sources */ = {isa = PBXBuildFile; fileRef = C7EA1B1B288585EB009BD983 /* MyBookApp.swift */; };
		C7EA1B1E288585EB009BD983 /* ContentView.swift in Sources */ = {isa = PBXBuildFile; fileRef = C7EA1B1D288585EB009BD983 /* ContentView.swift */; };
		C7EA1B20288585ED009BD983 /* Assets.xcassets in Resources */ = {isa = PBXBuildFile; fileRef = C7EA1B1F288585ED009BD983 /* Assets.xcassets */; };
		C7EA1B23288585ED009BD983 /* Preview Assets.xcassets in Resources */ = {isa = PBXBuildFile; fileRef = C7EA1B22288585ED009BD983 /* Preview Assets.xcassets */; };
		C7EA1B25288585ED009BD983 /* Persistence.swift in Sources */ = {isa = PBXBuildFile; fileRef = C7EA1B24288585ED009BD983 /* Persistence.swift */; };
		C7EA1B28288585ED009BD983 /* MyBook.xcdatamodeld in Sources */ = {isa = PBXBuildFile; fileRef = C7EA1B26288585ED009BD983 /* MyBook.xcdatamodeld */; };
		C7EA1B32288585ED009BD983 /* MyBookTests.swift in Sources */ = {isa = PBXBuildFile; fileRef = C7EA1B31288585ED009BD983 /* MyBookTests.swift */; };
		C7EA1B3C288585ED009BD983 /* MyBookUITests.swift in Sources */ = {isa = PBXBuildFile; fileRef = C7EA1B3B288585ED009BD983 /* MyBookUITests.swift */; };
		C7EA1B3E288585ED009BD983 /* MyBookUITestsLaunchTests.swift in Sources */ = {isa = PBXBuildFile; fileRef = C7EA1B3D288585ED009BD983 /* MyBookUITestsLaunchTests.swift */; };
/* End PBXBuildFile section */

/* Begin PBXContainerItemProxy section */
		C7EA1B2E288585ED009BD983 /* PBXContainerItemProxy */ = {
			isa = PBXContainerItemProxy;
			containerPortal = C7EA1B10288585EB009BD983 /* Project object */;
			proxyType = 1;
			remoteGlobalIDString = C7EA1B17288585EB009BD983;
			remoteInfo = MyBook;
		};
		C7EA1B38288585ED009BD983 /* PBXContainerItemProxy */ = {
			isa = PBXContainerItemProxy;
			containerPortal = C7EA1B10288585EB009BD983 /* Project object */;
			proxyType = 1;
			remoteGlobalIDString = C7EA1B17288585EB009BD983;
			remoteInfo = MyBook;
		};
/* End PBXContainerItemProxy section */

/* Begin PBXFileReference section */
		C7EA1B18288585EB009BD983 /* MyBook.app */ = {isa = PBXFileReference; explicitFileType = wrapper.application; includeInIndex = 0; path = MyBook.app; sourceTree = BUILT_PRODUCTS_DIR; };
		C7EA1B1B288585EB009BD983 /* MyBookApp.swift */ = {isa = PBXFileReference; lastKnownFileType = sourcecode.swift; path = MyBookApp.swift; sourceTree = "<group>"; };
		C7EA1B1D288585EB009BD983 /* ContentView.swift */ = {isa = PBXFileReference; lastKnownFileType = sourcecode.swift; path = ContentView.swift; sourceTree = "<group>"; };
		C7EA1B1F288585ED009BD983 /* Assets.xcassets */ = {isa = PBXFileReference; lastKnownFileType = folder.assetcatalog; path = Assets.xcassets; sourceTree = "<group>"; };
		C7EA1B22288585ED009BD983 /* Preview Assets.xcassets */ = {isa = PBXFileReference; lastKnownFileType = folder.assetcatalog; path = "Preview Assets.xcassets"; sourceTree = "<group>"; };
		C7EA1B24288585ED009BD983 /* Persistence.swift */ = {isa = PBXFileReference; lastKnownFileType = sourcecode.swift; path = Persistence.swift; sourceTree = "<group>"; };
		C7EA1B27288585ED009BD983 /* MyBook.xcdatamodel */ = {isa = PBXFileReference; lastKnownFileType = wrapper.xcdatamodel; path = MyBook.xcdatamodel; sourceTree = "<group>"; };
		C7EA1B2D288585ED009BD983 /* MyBookTests.xctest */ = {isa = PBXFileReference; explicitFileType = wrapper.cfbundle; includeInIndex = 0; path = MyBookTests.xctest; sourceTree = BUILT_PRODUCTS_DIR; };
		C7EA1B31288585ED009BD983 /* MyBookTests.swift */ = {isa = PBXFileReference; lastKnownFileType = sourcecode.swift; path = MyBookTests.swift; sourceTree = "<group>"; };
		C7EA1B37288585ED009BD983 /* MyBookUITests.xctest */ = {isa = PBXFileReference; explicitFileType = wrapper.cfbundle; includeInIndex = 0; path = MyBookUITests.xctest; sourceTree = BUILT_PRODUCTS_DIR; };
		C7EA1B3B288585ED009BD983 /* MyBookUITests.swift */ = {isa = PBXFileReference; lastKnownFileType = sourcecode.swift; path = MyBookUITests.swift; sourceTree = "<group>"; };
		C7EA1B3D288585ED009BD983 /* MyBookUITestsLaunchTests.swift */ = {isa = PBXFileReference; lastKnownFileType = sourcecode.swift; path = MyBookUITestsLaunchTests.swift; sourceTree = "<group>"; };
/* End PBXFileReference section */

/* Begin PBXFrameworksBuildPhase section */
		C7EA1B15288585EB009BD983 /* Frameworks */ = {
			isa = PBXFrameworksBuildPhase;
			buildActionMask = 2147483647;
			files = (
			);
			runOnlyForDeploymentPostprocessing = 0;
		};
		C7EA1B2A288585ED009BD983 /* Frameworks */ = {
			isa = PBXFrameworksBuildPhase;
			buildActionMask = 2147483647;
			files = (
			);
			runOnlyForDeploymentPostprocessing = 0;
		};
		C7EA1B34288585ED009BD983 /* Frameworks */ = {
			isa = PBXFrameworksBuildPhase;
			buildActionMask = 2147483647;
			files = (
			);
			runOnlyForDeploymentPostprocessing = 0;
		};
/* End PBXFrameworksBuildPhase section */

/* Begin PBXGroup section */
		C7EA1B0F288585EB009BD983 = {
			isa = PBXGroup;
			children = (
				C7EA1B1A288585EB009BD983 /* MyBook */,
				C7EA1B30288585ED009BD983 /* MyBookTests */,
				C7EA1B3A288585ED009BD983 /* MyBookUITests */,
				C7EA1B19288585EB009BD983 /* Products */,
			);
			sourceTree = "<group>";
		};
		C7EA1B19288585EB009BD983 /* Products */ = {
			isa = PBXGroup;
			children = (
				C7EA1B18288585EB009BD983 /* MyBook.app */,
				C7EA1B2D288585ED009BD983 /* MyBookTests.xctest */,
				C7EA1B37288585ED009BD983 /* MyBookUITests.xctest */,
			);
			name = Products;
			sourceTree = "<group>";
		};
		C7EA1B1A288585EB009BD983 /* MyBook */ = {
			isa = PBXGroup;
			children = (
				C7EA1B1B288585EB009BD983 /* MyBookApp.swift */,
				C7EA1B1D288585EB009BD983 /* ContentView.swift */,
				C7EA1B1F288585ED009BD983 /* Assets.xcassets */,
				C7EA1B24288585ED009BD983 /* Persistence.swift */,
				C7EA1B26288585ED009BD983 /* MyBook.xcdatamodeld */,
				C7EA1B21288585ED009BD983 /* Preview Content */,
			);
			path = MyBook;
			sourceTree = "<group>";
		};
		C7EA1B21288585ED009BD983 /* Preview Content */ = {
			isa = PBXGroup;
			children = (
				C7EA1B22288585ED009BD983 /* Preview Assets.xcassets */,
			);
			path = "Preview Content";
			sourceTree = "<group>";
		};
		C7EA1B30288585ED009BD983 /* MyBookTests */ = {
			isa = PBXGroup;
			children = (
				C7EA1B31288585ED009BD983 /* MyBookTests.swift */,
			);
			path = MyBookTests;
			sourceTree = "<group>";
		};
		C7EA1B3A288585ED009BD983 /* MyBookUITests */ = {
			isa = PBXGroup;
			children = (
				C7EA1B3B288585ED009BD983 /* MyBookUITests.swift */,
				C7EA1B3D288585ED009BD983 /* MyBookUITestsLaunchTests.swift */,
			);
			path = MyBookUITests;
			sourceTree = "<group>";
		};
/* End PBXGroup section */

/* Begin PBXNativeTarget section */
		C7EA1B17288585EB009BD983 /* MyBook */ = {
			isa = PBXNativeTarget;
			buildConfigurationList = C7EA1B41288585ED009BD983 /* Build configuration list for PBXNativeTarget "MyBook" */;
			buildPhases = (
				C7EA1B14288585EB009BD983 /* Sources */,
				C7EA1B15288585EB009BD983 /* Frameworks */,
				C7EA1B16288585EB009BD983 /* Resources */,
			);
			buildRules = (
			);
			dependencies = (
			);
			name = MyBook;
			productName = MyBook;
			productReference = C7EA1B18288585EB009BD983 /* MyBook.app */;
			productType = "com.apple.product-type.application";
		};
		C7EA1B2C288585ED009BD983 /* MyBookTests */ = {
			isa = PBXNativeTarget;
			buildConfigurationList = C7EA1B44288585ED009BD983 /* Build configuration list for PBXNativeTarget "MyBookTests" */;
			buildPhases = (
				C7EA1B29288585ED009BD983 /* Sources */,
				C7EA1B2A288585ED009BD983 /* Frameworks */,
				C7EA1B2B288585ED009BD983 /* Resources */,
			);
			buildRules = (
			);
			dependencies = (
				C7EA1B2F288585ED009BD983 /* PBXTargetDependency */,
			);
			name = MyBookTests;
			productName = MyBookTests;
			productReference = C7EA1B2D288585ED009BD983 /* MyBookTests.xctest */;
			productType = "com.apple.product-type.bundle.unit-test";
		};
		C7EA1B36288585ED009BD983 /* MyBookUITests */ = {
			isa = PBXNativeTarget;
			buildConfigurationList = C7EA1B47288585ED009BD983 /* Build configuration list for PBXNativeTarget "MyBookUITests" */;
			buildPhases = (
				C7EA1B33288585ED009BD983 /* Sources */,
				C7EA1B34288585ED009BD983 /* Frameworks */,
				C7EA1B35288585ED009BD983 /* Resources */,
			);
			buildRules = (
			);
			dependencies = (
				C7EA1B39288585ED009BD983 /* PBXTargetDependency */,
			);
			name = MyBookUITests;
			productName = MyBookUITests;
			productReference = C7EA1B37288585ED009BD983 /* MyBookUITests.xctest */;
			productType = "com.apple.product-type.bundle.ui-testing";
		};
/* End PBXNativeTarget section */

/* Begin PBXProject section */
		C7EA1B10288585EB009BD983 /* Project object */ = {
			isa = PBXProject;
			attributes = {
				BuildIndependentTargetsInParallel = 1;
				LastSwiftUpdateCheck = 1340;
				LastUpgradeCheck = 1340;
				TargetAttributes = {
					C7EA1B17288585EB009BD983 = {
						CreatedOnToolsVersion = 13.4.1;
					};
					C7EA1B2C288585ED009BD983 = {
						CreatedOnToolsVersion = 13.4.1;
						TestTargetID = C7EA1B17288585EB009BD983;
					};
					C7EA1B36288585ED009BD983 = {
						CreatedOnToolsVersion = 13.4.1;
						TestTargetID = C7EA1B17288585EB009BD983;
					};
				};
			};
			buildConfigurationList = C7EA1B13288585EB009BD983 /* Build configuration list for PBXProject "MyBook" */;
			compatibilityVersion = "Xcode 13.0";
			developmentRegion = en;
			hasScannedForEncodings = 0;
			knownRegions = (
				en,
				Base,
			);
			mainGroup = C7EA1B0F288585EB009BD983;
			productRefGroup = C7EA1B19288585EB009BD983 /* Products */;
			projectDirPath = "";
			projectRoot = "";
			targets = (
				C7EA1B17288585EB009BD983 /* MyBook */,
				C7EA1B2C288585ED009BD983 /* MyBookTests */,
				C7EA1B36288585ED009BD983 /* MyBookUITests */,
			);
		};
/* End PBXProject section */

/* Begin PBXResourcesBuildPhase section */
		C7EA1B16288585EB009BD983 /* Resources */ = {
			isa = PBXResourcesBuildPhase;
			buildActionMask = 2147483647;
			files = (
				C7EA1B23288585ED009BD983 /* Preview Assets.xcassets in Resources */,
				C7EA1B20288585ED009BD983 /* Assets.xcassets in Resources */,
			);
			runOnlyForDeploymentPostprocessing = 0;
		};
		C7EA1B2B288585ED009BD983 /* Resources */ = {
			isa = PBXResourcesBuildPhase;
			buildActionMask = 2147483647;
			files = (
			);
			runOnlyForDeploymentPostprocessing = 0;
		};
		C7EA1B35288585ED009BD983 /* Resources */ = {
			isa = PBXResourcesBuildPhase;
			buildActionMask = 2147483647;
			files = (
			);
			runOnlyForDeploymentPostprocessing = 0;
		};
/* End PBXResourcesBuildPhase section */

/* Begin PBXSourcesBuildPhase section */
		C7EA1B14288585EB009BD983 /* Sources */ = {
			isa = PBXSourcesBuildPhase;
			buildActionMask = 2147483647;
			files = (
				C7EA1B28288585ED009BD983 /* MyBook.xcdatamodeld in Sources */,
				C7EA1B25288585ED009BD983 /* Persistence.swift in Sources */,
				C7EA1B1E288585EB009BD983 /* ContentView.swift in Sources */,
				C7EA1B1C288585EB009BD983 /* MyBookApp.swift in Sources */,
			);
			runOnlyForDeploymentPostprocessing = 0;
		};
		C7EA1B29288585ED009BD983 /* Sources */ = {
			isa = PBXSourcesBuildPhase;
			buildActionMask = 2147483647;
			files = (
				C7EA1B32288585ED009BD983 /* MyBookTests.swift in Sources */,
			);
			runOnlyForDeploymentPostprocessing = 0;
		};
		C7EA1B33288585ED009BD983 /* Sources */ = {
			isa = PBXSourcesBuildPhase;
			buildActionMask = 2147483647;
			files = (
				C7EA1B3C288585ED009BD983 /* MyBookUITests.swift in Sources */,
				C7EA1B3E288585ED009BD983 /* MyBookUITestsLaunchTests.swift in Sources */,
			);
			runOnlyForDeploymentPostprocessing = 0;
		};
/* End PBXSourcesBuildPhase section */

/* Begin PBXTargetDependency section */
		C7EA1B2F288585ED009BD983 /* PBXTargetDependency */ = {
			isa = PBXTargetDependency;
			target = C7EA1B17288585EB009BD983 /* MyBook */;
			targetProxy = C7EA1B2E288585ED009BD983 /* PBXContainerItemProxy */;
		};
		C7EA1B39288585ED009BD983 /* PBXTargetDependency */ = {
			isa = PBXTargetDependency;
			target = C7EA1B17288585EB009BD983 /* MyBook */;
			targetProxy = C7EA1B38288585ED009BD983 /* PBXContainerItemProxy */;
		};
/* End PBXTargetDependency section */

/* Begin XCBuildConfiguration section */
		C7EA1B3F288585ED009BD983 /* Debug */ = {
			isa = XCBuildConfiguration;
			buildSettings = {
				ALWAYS_SEARCH_USER_PATHS = NO;
				CLANG_ANALYZER_NONNULL = YES;
				CLANG_ANALYZER_NUMBER_OBJECT_CONVERSION = YES_AGGRESSIVE;
				CLANG_CXX_LANGUAGE_STANDARD = "gnu++17";
				CLANG_ENABLE_MODULES = YES;
				CLANG_ENABLE_OBJC_ARC = YES;
				CLANG_ENABLE_OBJC_WEAK = YES;
				CLANG_WARN_BLOCK_CAPTURE_AUTORELEASING = YES;
				CLANG_WARN_BOOL_CONVERSION = YES;
				CLANG_WARN_COMMA = YES;
				CLANG_WARN_CONSTANT_CONVERSION = YES;
				CLANG_WARN_DEPRECATED_OBJC_IMPLEMENTATIONS = YES;
				CLANG_WARN_DIRECT_OBJC_ISA_USAGE = YES_ERROR;
				CLANG_WARN_DOCUMENTATION_COMMENTS = YES;
				CLANG_WARN_EMPTY_BODY = YES;
				CLANG_WARN_ENUM_CONVERSION = YES;
				CLANG_WARN_INFINITE_RECURSION = YES;
				CLANG_WARN_INT_CONVERSION = YES;
				CLANG_WARN_NON_LITERAL_NULL_CONVERSION = YES;
				CLANG_WARN_OBJC_IMPLICIT_RETAIN_SELF = YES;
				CLANG_WARN_OBJC_LITERAL_CONVERSION = YES;
				CLANG_WARN_OBJC_ROOT_CLASS = YES_ERROR;
				CLANG_WARN_QUOTED_INCLUDE_IN_FRAMEWORK_HEADER = YES;
				CLANG_WARN_RANGE_LOOP_ANALYSIS = YES;
				CLANG_WARN_STRICT_PROTOTYPES = YES;
				CLANG_WARN_SUSPICIOUS_MOVE = YES;
				CLANG_WARN_UNGUARDED_AVAILABILITY = YES_AGGRESSIVE;
				CLANG_WARN_UNREACHABLE_CODE = YES;
				CLANG_WARN__DUPLICATE_METHOD_MATCH = YES;
				COPY_PHASE_STRIP = NO;
				DEBUG_INFORMATION_FORMAT = dwarf;
				ENABLE_STRICT_OBJC_MSGSEND = YES;
				ENABLE_TESTABILITY = YES;
				GCC_C_LANGUAGE_STANDARD = gnu11;
				GCC_DYNAMIC_NO_PIC = NO;
				GCC_NO_COMMON_BLOCKS = YES;
				GCC_OPTIMIZATION_LEVEL = 0;
				GCC_PREPROCESSOR_DEFINITIONS = (
					"DEBUG=1",
					"$(inherited)",
				);
				GCC_WARN_64_TO_32_BIT_CONVERSION = YES;
				GCC_WARN_ABOUT_RETURN_TYPE = YES_ERROR;
				GCC_WARN_UNDECLARED_SELECTOR = YES;
				GCC_WARN_UNINITIALIZED_AUTOS = YES_AGGRESSIVE;
				GCC_WARN_UNUSED_FUNCTION = YES;
				GCC_WARN_UNUSED_VARIABLE = YES;
				IPHONEOS_DEPLOYMENT_TARGET = 15.5;
				MTL_ENABLE_DEBUG_INFO = INCLUDE_SOURCE;
				MTL_FAST_MATH = YES;
				ONLY_ACTIVE_ARCH = YES;
				SDKROOT = iphoneos;
				SWIFT_ACTIVE_COMPILATION_CONDITIONS = DEBUG;
				SWIFT_OPTIMIZATION_LEVEL = "-Onone";
			};
			name = Debug;
		};
		C7EA1B40288585ED009BD983 /* Release */ = {
			isa = XCBuildConfiguration;
			buildSettings = {
				ALWAYS_SEARCH_USER_PATHS = NO;
				CLANG_ANALYZER_NONNULL = YES;
				CLANG_ANALYZER_NUMBER_OBJECT_CONVERSION = YES_AGGRESSIVE;
				CLANG_CXX_LANGUAGE_STANDARD = "gnu++17";
				CLANG_ENABLE_MODULES = YES;
				CLANG_ENABLE_OBJC_ARC = YES;
				CLANG_ENABLE_OBJC_WEAK = YES;
				CLANG_WARN_BLOCK_CAPTURE_AUTORELEASING = YES;
				CLANG_WARN_BOOL_CONVERSION = YES;
				CLANG_WARN_COMMA = YES;
				CLANG_WARN_CONSTANT_CONVERSION = YES;
				CLANG_WARN_DEPRECATED_OBJC_IMPLEMENTATIONS = YES;
				CLANG_WARN_DIRECT_OBJC_ISA_USAGE = YES_ERROR;
				CLANG_WARN_DOCUMENTATION_COMMENTS = YES;
				CLANG_WARN_EMPTY_BODY = YES;
				CLANG_WARN_ENUM_CONVERSION = YES;
				CLANG_WARN_INFINITE_RECURSION = YES;
				CLANG_WARN_INT_CONVERSION = YES;
				CLANG_WARN_NON_LITERAL_NULL_CONVERSION = YES;
				CLANG_WARN_OBJC_IMPLICIT_RETAIN_SELF = YES;
				CLANG_WARN_OBJC_LITERAL_CONVERSION = YES;
				CLANG_WARN_OBJC_ROOT_CLASS = YES_ERROR;
				CLANG_WARN_QUOTED_INCLUDE_IN_FRAMEWORK_HEADER = YES;
				CLANG_WARN_RANGE_LOOP_ANALYSIS = YES;
				CLANG_WARN_STRICT_PROTOTYPES = YES;
				CLANG_WARN_SUSPICIOUS_MOVE = YES;
				CLANG_WARN_UNGUARDED_AVAILABILITY = YES_AGGRESSIVE;
				CLANG_WARN_UNREACHABLE_CODE = YES;
				CLANG_WARN__DUPLICATE_METHOD_MATCH = YES;
				COPY_PHASE_STRIP = NO;
				DEBUG_INFORMATION_FORMAT = "dwarf-with-dsym";
				ENABLE_NS_ASSERTIONS = NO;
				ENABLE_STRICT_OBJC_MSGSEND = YES;
				GCC_C_LANGUAGE_STANDARD = gnu11;
				GCC_NO_COMMON_BLOCKS = YES;
				GCC_WARN_64_TO_32_BIT_CONVERSION = YES;
				GCC_WARN_ABOUT_RETURN_TYPE = YES_ERROR;
				GCC_WARN_UNDECLARED_SELECTOR = YES;
				GCC_WARN_UNINITIALIZED_AUTOS = YES_AGGRESSIVE;
				GCC_WARN_UNUSED_FUNCTION = YES;
				GCC_WARN_UNUSED_VARIABLE = YES;
				IPHONEOS_DEPLOYMENT_TARGET = 15.5;
				MTL_ENABLE_DEBUG_INFO = NO;
				MTL_FAST_MATH = YES;
				SDKROOT = iphoneos;
				SWIFT_COMPILATION_MODE = wholemodule;
				SWIFT_OPTIMIZATION_LEVEL = "-O";
				VALIDATE_PRODUCT = YES;
			};
			name = Release;
		};
		C7EA1B42288585ED009BD983 /* Debug */ = {
			isa = XCBuildConfiguration;
			buildSettings = {
				ASSETCATALOG_COMPILER_APPICON_NAME = AppIcon;
				ASSETCATALOG_COMPILER_GLOBAL_ACCENT_COLOR_NAME = AccentColor;
				CODE_SIGN_STYLE = Automatic;
				CURRENT_PROJECT_VERSION = 1;
				DEVELOPMENT_ASSET_PATHS = "\"MyBook/Preview Content\"";
				DEVELOPMENT_TEAM = X2UPT42H28;
				ENABLE_PREVIEWS = YES;
				GENERATE_INFOPLIST_FILE = YES;
				INFOPLIST_KEY_UIApplicationSceneManifest_Generation = YES;
				INFOPLIST_KEY_UIApplicationSupportsIndirectInputEvents = YES;
				INFOPLIST_KEY_UILaunchScreen_Generation = YES;
				INFOPLIST_KEY_UISupportedInterfaceOrientations_iPad = "UIInterfaceOrientationPortrait UIInterfaceOrientationPortraitUpsideDown UIInterfaceOrientationLandscapeLeft UIInterfaceOrientationLandscapeRight";
				INFOPLIST_KEY_UISupportedInterfaceOrientations_iPhone = "UIInterfaceOrientationPortrait UIInterfaceOrientationLandscapeLeft UIInterfaceOrientationLandscapeRight";
				LD_RUNPATH_SEARCH_PATHS = (
					"$(inherited)",
					"@executable_path/Frameworks",
				);
				MARKETING_VERSION = 1.0;
				PRODUCT_BUNDLE_IDENTIFIER = ITI.MyBook;
				PRODUCT_NAME = "$(TARGET_NAME)";
				SWIFT_EMIT_LOC_STRINGS = YES;
				SWIFT_VERSION = 5.0;
				TARGETED_DEVICE_FAMILY = "1,2";
			};
			name = Debug;
		};
		C7EA1B43288585ED009BD983 /* Release */ = {
			isa = XCBuildConfiguration;
			buildSettings = {
				ASSETCATALOG_COMPILER_APPICON_NAME = AppIcon;
				ASSETCATALOG_COMPILER_GLOBAL_ACCENT_COLOR_NAME = AccentColor;
				CODE_SIGN_STYLE = Automatic;
				CURRENT_PROJECT_VERSION = 1;
				DEVELOPMENT_ASSET_PATHS = "\"MyBook/Preview Content\"";
				DEVELOPMENT_TEAM = X2UPT42H28;
				ENABLE_PREVIEWS = YES;
				GENERATE_INFOPLIST_FILE = YES;
				INFOPLIST_KEY_UIApplicationSceneManifest_Generation = YES;
				INFOPLIST_KEY_UIApplicationSupportsIndirectInputEvents = YES;
				INFOPLIST_KEY_UILaunchScreen_Generation = YES;
				INFOPLIST_KEY_UISupportedInterfaceOrientations_iPad = "UIInterfaceOrientationPortrait UIInterfaceOrientationPortraitUpsideDown UIInterfaceOrientationLandscapeLeft UIInterfaceOrientationLandscapeRight";
				INFOPLIST_KEY_UISupportedInterfaceOrientations_iPhone = "UIInterfaceOrientationPortrait UIInterfaceOrientationLandscapeLeft UIInterfaceOrientationLandscapeRight";
				LD_RUNPATH_SEARCH_PATHS = (
					"$(inherited)",
					"@executable_path/Frameworks",
				);
				MARKETING_VERSION = 1.0;
				PRODUCT_BUNDLE_IDENTIFIER = ITI.MyBook;
				PRODUCT_NAME = "$(TARGET_NAME)";
				SWIFT_EMIT_LOC_STRINGS = YES;
				SWIFT_VERSION = 5.0;
				TARGETED_DEVICE_FAMILY = "1,2";
			};
			name = Release;
		};
		C7EA1B45288585ED009BD983 /* Debug */ = {
			isa = XCBuildConfiguration;
			buildSettings = {
				ALWAYS_EMBED_SWIFT_STANDARD_LIBRARIES = YES;
				BUNDLE_LOADER = "$(TEST_HOST)";
				CODE_SIGN_STYLE = Automatic;
				CURRENT_PROJECT_VERSION = 1;
				DEVELOPMENT_TEAM = X2UPT42H28;
				GENERATE_INFOPLIST_FILE = YES;
				IPHONEOS_DEPLOYMENT_TARGET = 15.5;
				MARKETING_VERSION = 1.0;
				PRODUCT_BUNDLE_IDENTIFIER = ITI.MyBookTests;
				PRODUCT_NAME = "$(TARGET_NAME)";
				SWIFT_EMIT_LOC_STRINGS = NO;
				SWIFT_VERSION = 5.0;
				TARGETED_DEVICE_FAMILY = "1,2";
				TEST_HOST = "$(BUILT_PRODUCTS_DIR)/MyBook.app/MyBook";
			};
			name = Debug;
		};
		C7EA1B46288585ED009BD983 /* Release */ = {
			isa = XCBuildConfiguration;
			buildSettings = {
				ALWAYS_EMBED_SWIFT_STANDARD_LIBRARIES = YES;
				BUNDLE_LOADER = "$(TEST_HOST)";
				CODE_SIGN_STYLE = Automatic;
				CURRENT_PROJECT_VERSION = 1;
				DEVELOPMENT_TEAM = X2UPT42H28;
				GENERATE_INFOPLIST_FILE = YES;
				IPHONEOS_DEPLOYMENT_TARGET = 15.5;
				MARKETING_VERSION = 1.0;
				PRODUCT_BUNDLE_IDENTIFIER = ITI.MyBookTests;
				PRODUCT_NAME = "$(TARGET_NAME)";
				SWIFT_EMIT_LOC_STRINGS = NO;
				SWIFT_VERSION = 5.0;
				TARGETED_DEVICE_FAMILY = "1,2";
				TEST_HOST = "$(BUILT_PRODUCTS_DIR)/MyBook.app/MyBook";
			};
			name = Release;
		};
		C7EA1B48288585ED009BD983 /* Debug */ = {
			isa = XCBuildConfiguration;
			buildSettings = {
				ALWAYS_EMBED_SWIFT_STANDARD_LIBRARIES = YES;
				CODE_SIGN_STYLE = Automatic;
				CURRENT_PROJECT_VERSION = 1;
				DEVELOPMENT_TEAM = X2UPT42H28;
				GENERATE_INFOPLIST_FILE = YES;
				MARKETING_VERSION = 1.0;
				PRODUCT_BUNDLE_IDENTIFIER = ITI.MyBookUITests;
				PRODUCT_NAME = "$(TARGET_NAME)";
				SWIFT_EMIT_LOC_STRINGS = NO;
				SWIFT_VERSION = 5.0;
				TARGETED_DEVICE_FAMILY = "1,2";
				TEST_TARGET_NAME = MyBook;
			};
			name = Debug;
		};
		C7EA1B49288585ED009BD983 /* Release */ = {
			isa = XCBuildConfiguration;
			buildSettings = {
				ALWAYS_EMBED_SWIFT_STANDARD_LIBRARIES = YES;
				CODE_SIGN_STYLE = Automatic;
				CURRENT_PROJECT_VERSION = 1;
				DEVELOPMENT_TEAM = X2UPT42H28;
				GENERATE_INFOPLIST_FILE = YES;
				MARKETING_VERSION = 1.0;
				PRODUCT_BUNDLE_IDENTIFIER = ITI.MyBookUITests;
				PRODUCT_NAME = "$(TARGET_NAME)";
				SWIFT_EMIT_LOC_STRINGS = NO;
				SWIFT_VERSION = 5.0;
				TARGETED_DEVICE_FAMILY = "1,2";
				TEST_TARGET_NAME = MyBook;
			};
			name = Release;
		};
/* End XCBuildConfiguration section */

/* Begin XCConfigurationList section */
		C7EA1B13288585EB009BD983 /* Build configuration list for PBXProject "MyBook" */ = {
			isa = XCConfigurationList;
			buildConfigurations = (
				C7EA1B3F288585ED009BD983 /* Debug */,
				C7EA1B40288585ED009BD983 /* Release */,
			);
			defaultConfigurationIsVisible = 0;
			defaultConfigurationName = Release;
		};
		C7EA1B41288585ED009BD983 /* Build configuration list for PBXNativeTarget "MyBook" */ = {
			isa = XCConfigurationList;
			buildConfigurations = (
				C7EA1B42288585ED009BD983 /* Debug */,
				C7EA1B43288585ED009BD983 /* Release */,
			);
			defaultConfigurationIsVisible = 0;
			defaultConfigurationName = Release;
		};
		C7EA1B44288585ED009BD983 /* Build configuration list for PBXNativeTarget "MyBookTests" */ = {
			isa = XCConfigurationList;
			buildConfigurations = (
				C7EA1B45288585ED009BD983 /* Debug */,
				C7EA1B46288585ED009BD983 /* Release */,
			);
			defaultConfigurationIsVisible = 0;
			defaultConfigurationName = Release;
		};
		C7EA1B47288585ED009BD983 /* Build configuration list for PBXNativeTarget "MyBookUITests" */ = {
			isa = XCConfigurationList;
			buildConfigurations = (
				C7EA1B48288585ED009BD983 /* Debug */,
				C7EA1B49288585ED009BD983 /* Release */,
			);
			defaultConfigurationIsVisible = 0;
			defaultConfigurationName = Release;
		};
/* End XCConfigurationList section */

/* Begin XCVersionGroup section */
		C7EA1B26288585ED009BD983 /* MyBook.xcdatamodeld */ = {
			isa = XCVersionGroup;
			children = (
				C7EA1B27288585ED009BD983 /* MyBook.xcdatamodel */,
			);
			currentVersion = C7EA1B27288585ED009BD983 /* MyBook.xcdatamodel */;
			path = MyBook.xcdatamodeld;
			sourceTree = "<group>";
			versionGroupType = wrapper.xcdatamodel;
		};
/* End XCVersionGroup section */
	};
	rootObject = C7EA1B10288585EB009BD983 /* Project object */;
}
